
Microsoft Visual Studio Solution File, Format Version 12.00
# Visual Studio Version 17
VisualStudioVersion = 17.10.35013.160
MinimumVisualStudioVersion = 10.0.40219.1
Project("{8BC9CEB8-8B4A-11D0-8D11-00A0C91BC942}") = "Functions", "Functions\Functions.vcxproj", "{C178CE28-E318-4F91-8F10-70721A79A412}"
EndProject
Global
	GlobalSection(SolutionConfigurationPlatforms) = preSolution
		Debug|x64 = Debug|x64
		Debug|x86 = Debug|x86
		Release|x64 = Release|x64
		Release|x86 = Release|x86
	EndGlobalSection
	GlobalSection(ProjectConfigurationPlatforms) = postSolution
		{C178CE28-E318-4F91-8F10-70721A79A412}.Debug|x64.ActiveCfg = Debug|x64
		{C178CE28-E318-4F91-8F10-70721A79A412}.Debug|x64.Build.0 = Debug|x64
		{C178CE28-E318-4F91-8F10-70721A79A412}.Debug|x86.ActiveCfg = Debug|Win32
		{C178CE28-E318-4F91-8F10-70721A79A412}.Debug|x86.Build.0 = Debug|Win32
		{C178CE28-E318-4F91-8F10-70721A79A412}.Release|x64.ActiveCfg = Release|x64
		{C178CE28-E318-4F91-8F10-70721A79A412}.Release|x64.Build.0 = Release|x64
		{C178CE28-E318-4F91-8F10-70721A79A412}.Release|x86.ActiveCfg = Release|Win32
		{C178CE28-E318-4F91-8F10-70721A79A412}.Release|x86.Build.0 = Release|Win32
	EndGlobalSection
	GlobalSection(SolutionProperties) = preSolution
		HideSolutionNode = FALSE
	EndGlobalSection
	GlobalSection(ExtensibilityGlobals) = postSolution
		SolutionGuid = {ACEA81F8-01F6-44F0-B74C-0E0B11CE89E9}
	EndGlobalSection
EndGlobal
