
Microsoft Visual Studio Solution File, Format Version 12.00
# Visual Studio Version 17
VisualStudioVersion = 17.10.35013.160
MinimumVisualStudioVersion = 10.0.40219.1
Project("{8BC9CEB8-8B4A-11D0-8D11-00A0C91BC942}") = "Problem_9", "Problem_9\Problem_9.vcxproj", "{978AD8BE-F087-4665-BEB7-C888F21FC744}"
EndProject
Global
	GlobalSection(SolutionConfigurationPlatforms) = preSolution
		Debug|x64 = Debug|x64
		Debug|x86 = Debug|x86
		Release|x64 = Release|x64
		Release|x86 = Release|x86
	EndGlobalSection
	GlobalSection(ProjectConfigurationPlatforms) = postSolution
		{978AD8BE-F087-4665-BEB7-C888F21FC744}.Debug|x64.ActiveCfg = Debug|x64
		{978AD8BE-F087-4665-BEB7-C888F21FC744}.Debug|x64.Build.0 = Debug|x64
		{978AD8BE-F087-4665-BEB7-C888F21FC744}.Debug|x86.ActiveCfg = Debug|Win32
		{978AD8BE-F087-4665-BEB7-C888F21FC744}.Debug|x86.Build.0 = Debug|Win32
		{978AD8BE-F087-4665-BEB7-C888F21FC744}.Release|x64.ActiveCfg = Release|x64
		{978AD8BE-F087-4665-BEB7-C888F21FC744}.Release|x64.Build.0 = Release|x64
		{978AD8BE-F087-4665-BEB7-C888F21FC744}.Release|x86.ActiveCfg = Release|Win32
		{978AD8BE-F087-4665-BEB7-C888F21FC744}.Release|x86.Build.0 = Release|Win32
	EndGlobalSection
	GlobalSection(SolutionProperties) = preSolution
		HideSolutionNode = FALSE
	EndGlobalSection
	GlobalSection(ExtensibilityGlobals) = postSolution
		SolutionGuid = {CB5361AC-D869-4DFB-B421-CE731E2095BE}
	EndGlobalSection
EndGlobal
